
Microsoft Visual Studio Solution File, Format Version 12.00
# Visual Studio Version 17
VisualStudioVersion = 17.12.35707.178 d17.12
MinimumVisualStudioVersion = 10.0.40219.1
Project("{FAE04EC0-301F-11D3-BF4B-00C04F79EFBC}") = "PasswordManager", "PasswordManager\PasswordManager.csproj", "{6FC52D62-BD32-4CF0-AB2F-BF666AE04C75}"
EndProject
Project("{FAE04EC0-301F-11D3-BF4B-00C04F79EFBC}") = "PasswordManager.Client", "PasswordManager.Client\PasswordManager.Client.csproj", "{0DC19996-A590-4282-A1A3-149EFB4415C9}"
EndProject
Project("{FAE04EC0-301F-11D3-BF4B-00C04F79EFBC}") = "PasswordManager.Client.Desktop", "PasswordManager.Client.Desktop\PasswordManager.Client.Desktop.csproj", "{D2239E67-758A-4324-B7AD-B9991CB28100}"
EndProject
Global
	GlobalSection(SolutionConfigurationPlatforms) = preSolution
		Debug|Any CPU = Debug|Any CPU
		Release|Any CPU = Release|Any CPU
	EndGlobalSection
	GlobalSection(ProjectConfigurationPlatforms) = postSolution
		{6FC52D62-BD32-4CF0-AB2F-BF666AE04C75}.Debug|Any CPU.ActiveCfg = Debug|Any CPU
		{6FC52D62-BD32-4CF0-AB2F-BF666AE04C75}.Debug|Any CPU.Build.0 = Debug|Any CPU
		{6FC52D62-BD32-4CF0-AB2F-BF666AE04C75}.Release|Any CPU.ActiveCfg = Release|Any CPU
		{6FC52D62-BD32-4CF0-AB2F-BF666AE04C75}.Release|Any CPU.Build.0 = Release|Any CPU
		{0DC19996-A590-4282-A1A3-149EFB4415C9}.Debug|Any CPU.ActiveCfg = Debug|Any CPU
		{0DC19996-A590-4282-A1A3-149EFB4415C9}.Debug|Any CPU.Build.0 = Debug|Any CPU
		{0DC19996-A590-4282-A1A3-149EFB4415C9}.Release|Any CPU.ActiveCfg = Release|Any CPU
		{0DC19996-A590-4282-A1A3-149EFB4415C9}.Release|Any CPU.Build.0 = Release|Any CPU
		{D2239E67-758A-4324-B7AD-B9991CB28100}.Debug|Any CPU.ActiveCfg = Debug|Any CPU
		{D2239E67-758A-4324-B7AD-B9991CB28100}.Debug|Any CPU.Build.0 = Debug|Any CPU
		{D2239E67-758A-4324-B7AD-B9991CB28100}.Release|Any CPU.ActiveCfg = Release|Any CPU
		{D2239E67-758A-4324-B7AD-B9991CB28100}.Release|Any CPU.Build.0 = Release|Any CPU
	EndGlobalSection
	GlobalSection(SolutionProperties) = preSolution
		HideSolutionNode = FALSE
	EndGlobalSection
EndGlobal
