
Microsoft Visual Studio Solution File, Format Version 12.00
# Visual Studio Version 17
VisualStudioVersion = 17.13.35818.85 d17.13
MinimumVisualStudioVersion = 10.0.40219.1
Project("{54A90642-561A-4BB1-A94E-469ADEE60C69}") = "passwordmanager.client", "passwordmanager.client\passwordmanager.client.esproj", "{175C8B42-1D19-C5F2-CBA6-19588C4AF237}"
EndProject
Project("{FAE04EC0-301F-11D3-BF4B-00C04F79EFBC}") = "PasswordManager.Server", "PasswordManager.Server\PasswordManager.Server.csproj", "{5D202517-A182-4848-BB02-B12AB294BCD7}"
EndProject
Global
	GlobalSection(SolutionConfigurationPlatforms) = preSolution
		Debug|Any CPU = Debug|Any CPU
		Release|Any CPU = Release|Any CPU
	EndGlobalSection
	GlobalSection(ProjectConfigurationPlatforms) = postSolution
		{175C8B42-1D19-C5F2-CBA6-19588C4AF237}.Debug|Any CPU.ActiveCfg = Debug|Any CPU
		{175C8B42-1D19-C5F2-CBA6-19588C4AF237}.Debug|Any CPU.Build.0 = Debug|Any CPU
		{175C8B42-1D19-C5F2-CBA6-19588C4AF237}.Debug|Any CPU.Deploy.0 = Debug|Any CPU
		{175C8B42-1D19-C5F2-CBA6-19588C4AF237}.Release|Any CPU.ActiveCfg = Release|Any CPU
		{175C8B42-1D19-C5F2-CBA6-19588C4AF237}.Release|Any CPU.Build.0 = Release|Any CPU
		{175C8B42-1D19-C5F2-CBA6-19588C4AF237}.Release|Any CPU.Deploy.0 = Release|Any CPU
		{5D202517-A182-4848-BB02-B12AB294BCD7}.Debug|Any CPU.ActiveCfg = Debug|Any CPU
		{5D202517-A182-4848-BB02-B12AB294BCD7}.Debug|Any CPU.Build.0 = Debug|Any CPU
		{5D202517-A182-4848-BB02-B12AB294BCD7}.Release|Any CPU.ActiveCfg = Release|Any CPU
		{5D202517-A182-4848-BB02-B12AB294BCD7}.Release|Any CPU.Build.0 = Release|Any CPU
	EndGlobalSection
	GlobalSection(SolutionProperties) = preSolution
		HideSolutionNode = FALSE
	EndGlobalSection
	GlobalSection(ExtensibilityGlobals) = postSolution
		SolutionGuid = {55E87779-7A0F-43A4-A656-C06BE38BD7F9}
	EndGlobalSection
EndGlobal
